# THIS IS AN AUTOGENERATED FILE. DO NOT EDIT THIS FILE DIRECTLY.
# yarn lockfile v1


"@cycle/dom@^20.4.0":
  version "20.4.0"
  resolved "https://registry.yarnpkg.com/@cycle/dom/-/dom-20.4.0.tgz#a309ce7f4ac0df74b7b1876583ccc7349bf99a6a"
  dependencies:
    "@cycle/run" "4.0.0"
    es6-map "^0.1.4"
    snabbdom "0.7.0"
    snabbdom-selector "^3.0.0"
    xstream "11.x"

"@cycle/isolate@>=3":
  version "3.3.0"
  resolved "https://registry.yarnpkg.com/@cycle/isolate/-/isolate-3.3.0.tgz#f23c9dfe0ac604240addf915693c4e78fef2fd28"

"@cycle/run@*":
  version "4.1.0"
  resolved "https://registry.yarnpkg.com/@cycle/run/-/run-4.1.0.tgz#b164a83792e85db3c184236f4b3800a4c9bf6f76"
  dependencies:
    xstream "10.x || 11.x"

"@cycle/run@4.0.0":
  version "4.0.0"
  resolved "https://registry.yarnpkg.com/@cycle/run/-/run-4.0.0.tgz#d48c5133cd783afdf7f9e37ce1c158b570d6c5f1"
  dependencies:
    xstream "10.x || 11.x"

cycle-onionify@^5.0.0:
  version "5.0.0"
  resolved "https://registry.yarnpkg.com/cycle-onionify/-/cycle-onionify-5.0.0.tgz#1b69156fa76690ed2ea93325ce9c52f9b0fa5ff9"
  dependencies:
    "@cycle/isolate" ">=3"
    "@cycle/run" "*"
    xstream ">=10"

d@1:
  version "1.0.0"
  resolved "https://registry.yarnpkg.com/d/-/d-1.0.0.tgz#754bb5bfe55451da69a58b94d45f4c5b0462d58f"
  dependencies:
    es5-ext "^0.10.9"

es5-ext@^0.10.35, es5-ext@^0.10.9, es5-ext@~0.10.14:
  version "0.10.42"
  resolved "https://registry.yarnpkg.com/es5-ext/-/es5-ext-0.10.42.tgz#8c07dd33af04d5dcd1310b5cef13bea63a89ba8d"
  dependencies:
    es6-iterator "~2.0.3"
    es6-symbol "~3.1.1"
    next-tick "1"

es6-iterator@~2.0.1, es6-iterator@~2.0.3:
  version "2.0.3"
  resolved "https://registry.yarnpkg.com/es6-iterator/-/es6-iterator-2.0.3.tgz#a7de889141a05a94b0854403b2d0a0fbfa98f3b7"
  dependencies:
    d "1"
    es5-ext "^0.10.35"
    es6-symbol "^3.1.1"

es6-map@^0.1.4:
  version "0.1.5"
  resolved "https://registry.yarnpkg.com/es6-map/-/es6-map-0.1.5.tgz#9136e0503dcc06a301690f0bb14ff4e364e949f0"
  dependencies:
    d "1"
    es5-ext "~0.10.14"
    es6-iterator "~2.0.1"
    es6-set "~0.1.5"
    es6-symbol "~3.1.1"
    event-emitter "~0.3.5"

es6-set@~0.1.5:
  version "0.1.5"
  resolved "https://registry.yarnpkg.com/es6-set/-/es6-set-0.1.5.tgz#d2b3ec5d4d800ced818db538d28974db0a73ccb1"
  dependencies:
    d "1"
    es5-ext "~0.10.14"
    es6-iterator "~2.0.1"
    es6-symbol "3.1.1"
    event-emitter "~0.3.5"

es6-symbol@3.1.1, es6-symbol@^3.1.1, es6-symbol@~3.1.1:
  version "3.1.1"
  resolved "https://registry.yarnpkg.com/es6-symbol/-/es6-symbol-3.1.1.tgz#bf00ef4fdab6ba1b46ecb7b629b4c7ed5715cc77"
  dependencies:
    d "1"
    es5-ext "~0.10.14"

event-emitter@~0.3.5:
  version "0.3.5"
  resolved "https://registry.yarnpkg.com/event-emitter/-/event-emitter-0.3.5.tgz#df8c69eef1647923c7157b9ce83840610b02cc39"
  dependencies:
    d "1"
    es5-ext "~0.10.14"

jazz-func@^0.4.0:
  version "0.4.0"
  resolved "https://registry.yarnpkg.com/jazz-func/-/jazz-func-0.4.0.tgz#003c06dab493f86e77eb33eeef424772bf6fd354"

next-tick@1:
  version "1.0.0"
  resolved "https://registry.yarnpkg.com/next-tick/-/next-tick-1.0.0.tgz#ca86d1fe8828169b0120208e3dc8424b9db8342c"

snabbdom-selector@^3.0.0:
  version "3.0.0"
  resolved "https://registry.yarnpkg.com/snabbdom-selector/-/snabbdom-selector-3.0.0.tgz#787011a5e89e8b1fa2fb768d4bb52a84396714ec"
  dependencies:
    tree-selector "^1.1.0"

snabbdom@0.7.0:
  version "0.7.0"
  resolved "https://registry.yarnpkg.com/snabbdom/-/snabbdom-0.7.0.tgz#c09e2baa0f8d43d306a3aa7502b62fdde2b4154e"

symbol-observable@1.2.0:
  version "1.2.0"
  resolved "https://registry.yarnpkg.com/symbol-observable/-/symbol-observable-1.2.0.tgz#c22688aed4eab3cdc2dfeacbb561660560a00804"

tree-selector@^1.1.0:
  version "1.1.0"
  resolved "https://registry.yarnpkg.com/tree-selector/-/tree-selector-1.1.0.tgz#e47bbb7174b3040328d04da6c80fcabf8819b129"

typescript@^2.8.3:
  version "2.8.3"
  resolved "https://registry.yarnpkg.com/typescript/-/typescript-2.8.3.tgz#5d817f9b6f31bb871835f4edf0089f21abe6c170"

"xstream@10.x || 11.x", xstream@11.x, xstream@>=10, xstream@^11.2.0:
  version "11.2.0"
  resolved "https://registry.yarnpkg.com/xstream/-/xstream-11.2.0.tgz#4acb83211fa2edcd890e36f7a7ed02caee2339b5"
  dependencies:
    symbol-observable "1.2.0"
