# THIS IS AN AUTOGENERATED FILE. DO NOT EDIT THIS FILE DIRECTLY.
# yarn lockfile v1


"@cycle/dom@^22.3.0":
  version "22.3.0"
  resolved "https://registry.yarnpkg.com/@cycle/dom/-/dom-22.3.0.tgz#d103071b6135305ead46579d8ab340be5ffede70"
  integrity sha512-7VMGsiQsHp8cHD+o3HcuOrvHkTlS7TY1aNyLoEJD0p5cWmxzaiotapFH+6rDpNq4FzuiIeZLR5SPHVNEt9pBQA==
  dependencies:
    "@cycle/run" "^5.2.0"
    snabbdom "^0.7.2"
    snabbdom-selector "^4.1.0"
    xstream "11.x"

"@cycle/isolate@^4.2.0":
  version "4.2.0"
  resolved "https://registry.yarnpkg.com/@cycle/isolate/-/isolate-4.2.0.tgz#8e76980556dedfc92415c6f0487f3dcd078d9e17"
  integrity sha512-I11AOSaKIIuh5Ww08BRO9pZiqi5HxtQUM2eFMOAkwDyjlLfuzqvZKSg61NWJfl/RPAgcMwgDo1tbExSr3nI+NA==
  dependencies:
    "@cycle/run" "^5.2.0"
    xstream "^11.7.0"

"@cycle/run@^5.2.0":
  version "5.2.0"
  resolved "https://registry.yarnpkg.com/@cycle/run/-/run-5.2.0.tgz#08924714d9ae7fa9260d59c1f995095596a884bc"
  integrity sha512-FTXtJ13I8MkBo7BGBH6S41/vt/Z/s23ZjyhmyTrFGCFxBH5rtIJGcuVPwbSVRlpjFq7G2Vjxd585u+0kANhNvA==
  dependencies:
    quicktask "1.1.0"
    xstream "10.x || 11.x"

"@cycle/state@^1.1.0":
  version "1.1.0"
  resolved "https://registry.yarnpkg.com/@cycle/state/-/state-1.1.0.tgz#19ca94232780841a02046f436b5750f78fb3c6f0"
  integrity sha512-Dr4/CI1kizy7pF7AWFU2MzW1dZzxhbSIAFx85rk/xeeHBYaoivQIbwO9r881+J3zLg/6jKME38A2BnVT20S3Fw==
  dependencies:
    "@cycle/isolate" "^4.2.0"
    "@cycle/run" "^5.2.0"
    quicktask "1.1.0"
    xstream ">=11"

jazz-func@^0.6.0:
  version "0.6.0"
  resolved "https://registry.yarnpkg.com/jazz-func/-/jazz-func-0.6.0.tgz#4c152a19935815a0ec6d7612aae2e95e482e2511"
  integrity sha512-UZ9pM6M7O+nz5agsjowrRpGH6Vk4ESWcgitVJ8ttwM+TIwqJhoM2ryAEgnzb5cero1ExDAmDSFx17LsLP8OWEQ==

prettier@^1.15.3:
  version "1.15.3"
  resolved "https://registry.yarnpkg.com/prettier/-/prettier-1.15.3.tgz#1feaac5bdd181237b54dbe65d874e02a1472786a"
  integrity sha512-gAU9AGAPMaKb3NNSUUuhhFAS7SCO4ALTN4nRIn6PJ075Qd28Yn2Ig2ahEJWdJwJmlEBTUfC7mMUSFy8MwsOCfg==

quicktask@1.1.0:
  version "1.1.0"
  resolved "https://registry.yarnpkg.com/quicktask/-/quicktask-1.1.0.tgz#70795fd5922fb122100e662118c73a06aadd7352"
  integrity sha512-b3w19IEXnt5auacLAbePVsqPyVQUwmuhJQrrWnVhm4pP8PAMg2U9vFHbAD9XYXXbMDjdLJs0x5NLqwTV8uFK4g==

snabbdom-selector@^4.1.0:
  version "4.1.0"
  resolved "https://registry.yarnpkg.com/snabbdom-selector/-/snabbdom-selector-4.1.0.tgz#209c0bd9478fc654892b4704fb40bafe556fa4c7"
  integrity sha512-NDWOVSUR6yPlxH2F9XRwnF59UObLnItfSXcIw6+azkyrEDqT2c8pZ85UHvjijsgdve3g19qsC0/69tB5eZqTvA==
  dependencies:
    tree-selector "^2.0.0"

snabbdom@^0.7.2:
  version "0.7.2"
  resolved "https://registry.yarnpkg.com/snabbdom/-/snabbdom-0.7.2.tgz#e9d3930e6374ef8766706ccee4c6ed7b331afa64"
  integrity sha512-rDY283fYUB/3z2tjXsRRccsbVJqmGLtP+iI1tfa1DDHo2xZ49cq1leq9JmYyvZQhESuYJRY/is6WYhP2UuiRVg==

symbol-observable@1.2.0:
  version "1.2.0"
  resolved "https://registry.yarnpkg.com/symbol-observable/-/symbol-observable-1.2.0.tgz#c22688aed4eab3cdc2dfeacbb561660560a00804"
  integrity sha512-e900nM8RRtGhlV36KGEU9k65K3mPb1WV70OdjfxlG2EAuM1noi/E/BaW/uMhL7bPEssK8QV57vN3esixjUvcXQ==

tree-selector@^2.0.0:
  version "2.1.0"
  resolved "https://registry.yarnpkg.com/tree-selector/-/tree-selector-2.1.0.tgz#281439d6df074ca9f629ecc409407c7c50a41ac8"
  integrity sha512-Giao15zxN5PvdzJv7HDubn3aSrlsWD9TG9xngYkiuChhIgPH6cQqvCGV5sJ/sWahm7nRtPx46hKax81eyz1sOg==

typescript@^3.2.2:
  version "3.2.2"
  resolved "https://registry.yarnpkg.com/typescript/-/typescript-3.2.2.tgz#fe8101c46aa123f8353523ebdcf5730c2ae493e5"
  integrity sha512-VCj5UiSyHBjwfYacmDuc/NOk4QQixbE+Wn7MFJuS0nRuPQbof132Pw4u53dm264O8LPc2MVsc7RJNml5szurkg==

"xstream@10.x || 11.x", xstream@11.x, xstream@>=11, xstream@^11.7.0:
  version "11.7.0"
  resolved "https://registry.yarnpkg.com/xstream/-/xstream-11.7.0.tgz#6557e9710e1ab05ae28b6902af41745250d32e36"
  integrity sha512-wO3TXiQd2/1UZNVsixDIcQgAN6TU4sGH7qIXvs1CRp1kgtkpU8YTfyKt/z/Z1psqcGnR0cJJxHaCnBxtktLx9w==
  dependencies:
    symbol-observable "1.2.0"
